
Microsoft Visual Studio Solution File, Format Version 12.00
# Visual Studio Version 17
VisualStudioVersion = 17.5.33627.172
MinimumVisualStudioVersion = 10.0.40219.1
Project("{FAE04EC0-301F-11D3-BF4B-00C04F79EFBC}") = "FlightBooking1", "FlightBooking1\FlightBooking1.csproj", "{A14BF22D-4BF5-489D-BE40-6524A832916D}"
EndProject
Global
	GlobalSection(SolutionConfigurationPlatforms) = preSolution
		Debug|Any CPU = Debug|Any CPU
		Release|Any CPU = Release|Any CPU
	EndGlobalSection
	GlobalSection(ProjectConfigurationPlatforms) = postSolution
		{A14BF22D-4BF5-489D-BE40-6524A832916D}.Debug|Any CPU.ActiveCfg = Debug|Any CPU
		{A14BF22D-4BF5-489D-BE40-6524A832916D}.Debug|Any CPU.Build.0 = Debug|Any CPU
		{A14BF22D-4BF5-489D-BE40-6524A832916D}.Release|Any CPU.ActiveCfg = Release|Any CPU
		{A14BF22D-4BF5-489D-BE40-6524A832916D}.Release|Any CPU.Build.0 = Release|Any CPU
	EndGlobalSection
	GlobalSection(SolutionProperties) = preSolution
		HideSolutionNode = FALSE
	EndGlobalSection
	GlobalSection(ExtensibilityGlobals) = postSolution
		SolutionGuid = {B30EA203-890C-4014-A78B-2F9ACA3DB913}
	EndGlobalSection
EndGlobal
